
Microsoft Visual Studio Solution File, Format Version 12.00
# Visual Studio 15
VisualStudioVersion = 15.0.28010.2048
MinimumVisualStudioVersion = 10.0.40219.1
Project("{FAE04EC0-301F-11D3-BF4B-00C04F79EFBC}") = "SocialLogin", "SocialLogin\SocialLogin.csproj", "{A00E6AE3-A8E7-4557-A3D5-2EA04F3733E7}"
EndProject
Global
	GlobalSection(SolutionConfigurationPlatforms) = preSolution
		Debug|Any CPU = Debug|Any CPU
		Release|Any CPU = Release|Any CPU
	EndGlobalSection
	GlobalSection(ProjectConfigurationPlatforms) = postSolution
		{A00E6AE3-A8E7-4557-A3D5-2EA04F3733E7}.Debug|Any CPU.ActiveCfg = Debug|Any CPU
		{A00E6AE3-A8E7-4557-A3D5-2EA04F3733E7}.Debug|Any CPU.Build.0 = Debug|Any CPU
		{A00E6AE3-A8E7-4557-A3D5-2EA04F3733E7}.Release|Any CPU.ActiveCfg = Release|Any CPU
		{A00E6AE3-A8E7-4557-A3D5-2EA04F3733E7}.Release|Any CPU.Build.0 = Release|Any CPU
	EndGlobalSection
	GlobalSection(SolutionProperties) = preSolution
		HideSolutionNode = FALSE
	EndGlobalSection
	GlobalSection(ExtensibilityGlobals) = postSolution
		SolutionGuid = {4565A24A-02EE-4969-B7E6-33F130CA6AFC}
	EndGlobalSection
EndGlobal
